<?xml version="1.0" encoding="utf-8"?>
<Project ToolsVersion="4.0" xmlns="http://schemas.microsoft.com/developer/msbuild/2003">
  <ItemGroup>
    <Filter Include="Code">
      <UniqueIdentifier>{c86bfc31-e43d-4dc7-98c0-d6325e566f7b}</UniqueIdentifier>
    </Filter>
    <Filter Include="External">
      <UniqueIdentifier>{3466d626-d69d-4f3e-b530-5333142351ef}</UniqueIdentifier>
    </Filter>
    <Filter Include="External\imgui">
      <UniqueIdentifier>{387a745c-5f73-489c-abdb-16b99c123d76}</UniqueIdentifier>
    </Filter>
    <Filter Include="External\imgui\backends">
      <UniqueIdentifier>{4aaacdae-9477-44f9-b051-38413a2a267f}</UniqueIdentifier>
    </Filter>
    <Filter Include="Shader">
      <UniqueIdentifier>{45413b6b-9fad-4568-af54-541dc492864a}</UniqueIdentifier>
    </Filter>
    <Filter Include="Texture">
      <UniqueIdentifier>{47c8c5eb-a5e8-46ed-bb4d-1b3ea26d457f}</UniqueIdentifier>
    </Filter>
    <Filter Include="Code\Header">
      <UniqueIdentifier>{0ef0dd21-b0ad-44e4-a1b7-d88cf503816b}</UniqueIdentifier>
    </Filter>
    <Filter Include="Code\Source">
      <UniqueIdentifier>{31c5ccac-c2c9-4dbd-8326-a3c88b601a47}</UniqueIdentifier>
    </Filter>
  </ItemGroup>
  <ItemGroup>
    <ClInclude Include="External\imgui\imconfig.h">
      <Filter>External\imgui</Filter>
    </ClInclude>
    <ClInclude Include="External\imgui\imgui.h">
      <Filter>External\imgui</Filter>
    </ClInclude>
    <ClInclude Include="External\imgui\imgui_internal.h">
      <Filter>External\imgui</Filter>
    </ClInclude>
    <ClInclude Include="External\imgui\imstb_rectpack.h">
      <Filter>External\imgui</Filter>
    </ClInclude>
    <ClInclude Include="External\imgui\imstb_textedit.h">
      <Filter>External\imgui</Filter>
    </ClInclude>
    <ClInclude Include="External\imgui\imstb_truetype.h">
      <Filter>External\imgui</Filter>
    </ClInclude>
    <ClInclude Include="External\imgui\backends\imgui_impl_dx12.h">
      <Filter>External\imgui\backends</Filter>
    </ClInclude>
    <ClInclude Include="External\imgui\backends\imgui_impl_win32.h">
      <Filter>External\imgui\backends</Filter>
    </ClInclude>
    <ClInclude Include="Code\Header\BaseApp.h">
      <Filter>Code\Header</Filter>
    </ClInclude>
    <ClInclude Include="Code\Header\Podo.h">
      <Filter>Code\Header</Filter>
    </ClInclude>
    <ClInclude Include="Code\Header\Debug.h">
      <Filter>Code\Header</Filter>
    </ClInclude>
    <ClInclude Include="Code\Header\Timer.h">
      <Filter>Code\Header</Filter>
    </ClInclude>
    <ClInclude Include="Code\Header\Option.h">
      <Filter>Code\Header</Filter>
    </ClInclude>
    <ClInclude Include="Code\Header\Alloc.h">
      <Filter>Code\Header</Filter>
    </ClInclude>
    <ClInclude Include="Code\Header\State.h">
      <Filter>Code\Header</Filter>
    </ClInclude>
    <ClInclude Include="Code\Header\Asset.h">
      <Filter>Code\Header</Filter>
    </ClInclude>
    <ClInclude Include="Code\Header\Object.h">
      <Filter>Code\Header</Filter>
    </ClInclude>
    <ClInclude Include="Code\Header\Root.h">
      <Filter>Code\Header</Filter>
    </ClInclude>
    <ClInclude Include="Code\Header\Camera.h">
      <Filter>Code\Header</Filter>
    </ClInclude>
  </ItemGroup>
  <ItemGroup>
    <ClCompile Include="External\imgui\imgui.cpp">
      <Filter>External\imgui</Filter>
    </ClCompile>
    <ClCompile Include="External\imgui\imgui_demo.cpp">
      <Filter>External\imgui</Filter>
    </ClCompile>
    <ClCompile Include="External\imgui\imgui_draw.cpp">
      <Filter>External\imgui</Filter>
    </ClCompile>
    <ClCompile Include="External\imgui\imgui_tables.cpp">
      <Filter>External\imgui</Filter>
    </ClCompile>
    <ClCompile Include="External\imgui\imgui_widgets.cpp">
      <Filter>External\imgui</Filter>
    </ClCompile>
    <ClCompile Include="External\imgui\backends\imgui_impl_dx12.cpp">
      <Filter>External\imgui\backends</Filter>
    </ClCompile>
    <ClCompile Include="External\imgui\backends\imgui_impl_win32.cpp">
      <Filter>External\imgui\backends</Filter>
    </ClCompile>
    <ClCompile Include="Code\Source\main.cpp">
      <Filter>Code\Source</Filter>
    </ClCompile>
    <ClCompile Include="Code\Source\PodoUpdate.cpp">
      <Filter>Code\Source</Filter>
    </ClCompile>
    <ClCompile Include="Code\Source\PodoReset.cpp">
      <Filter>Code\Source</Filter>
    </ClCompile>
    <ClCompile Include="Code\Source\PodoClose.cpp">
      <Filter>Code\Source</Filter>
    </ClCompile>
    <ClCompile Include="Code\Source\PodoOption.cpp">
      <Filter>Code\Source</Filter>
    </ClCompile>
    <ClCompile Include="Code\Source\PodoUtil.cpp">
      <Filter>Code\Source</Filter>
    </ClCompile>
    <ClCompile Include="Code\Source\PodoInput.cpp">
      <Filter>Code\Source</Filter>
    </ClCompile>
  </ItemGroup>
  <ItemGroup>
    <None Include="packages.config" />
  </ItemGroup>
  <ItemGroup>
    <FxCompile Include="Shader\PixelShader.hlsl">
      <Filter>Shader</Filter>
    </FxCompile>
    <FxCompile Include="Shader\VertexShader.hlsl">
      <Filter>Shader</Filter>
    </FxCompile>
  </ItemGroup>
</Project>